
Microsoft Visual Studio Solution File, Format Version 12.00
# Visual Studio Version 17
VisualStudioVersion = 17.14.36310.24 d17.14
MinimumVisualStudioVersion = 10.0.40219.1
Project("{FAE04EC0-301F-11D3-BF4B-00C04F79EFBC}") = "BioSequenceAnalyzer", "BioSequenceAnalyzer\BioSequenceAnalyzer.csproj", "{56A1D3C6-2113-48ED-AF8E-3B0707BB7C4F}"
EndProject
Global
	GlobalSection(SolutionConfigurationPlatforms) = preSolution
		Debug|Any CPU = Debug|Any CPU
		Release|Any CPU = Release|Any CPU
	EndGlobalSection
	GlobalSection(ProjectConfigurationPlatforms) = postSolution
		{56A1D3C6-2113-48ED-AF8E-3B0707BB7C4F}.Debug|Any CPU.ActiveCfg = Debug|Any CPU
		{56A1D3C6-2113-48ED-AF8E-3B0707BB7C4F}.Debug|Any CPU.Build.0 = Debug|Any CPU
		{56A1D3C6-2113-48ED-AF8E-3B0707BB7C4F}.Release|Any CPU.ActiveCfg = Release|Any CPU
		{56A1D3C6-2113-48ED-AF8E-3B0707BB7C4F}.Release|Any CPU.Build.0 = Release|Any CPU
	EndGlobalSection
	GlobalSection(SolutionProperties) = preSolution
		HideSolutionNode = FALSE
	EndGlobalSection
	GlobalSection(ExtensibilityGlobals) = postSolution
		SolutionGuid = {17B0FF4B-28AD-4621-B9D3-1F16151E17FC}
	EndGlobalSection
EndGlobal
